// !$*UTF8*$!
{
	archiveVersion = 1;
	classes = {
	};
	objectVersion = 46;
	objects = {

/* Begin PBXBuildFile section */
		CCB9D42E1C575A6A005CDF24 /* main.m in Sources */ = {isa = PBXBuildFile; fileRef = CCB9D42D1C575A6A005CDF24 /* main.m */; };
		CCB9D4361C575B66005CDF24 /* Person.m in Sources */ = {isa = PBXBuildFile; fileRef = CCB9D4351C575B66005CDF24 /* Person.m */; settings = {ASSET_TAGS = (); }; };
/* End PBXBuildFile section */

/* Begin PBXCopyFilesBuildPhase section */
		CCB9D4281C575A6A005CDF24 /* CopyFiles */ = {
			isa = PBXCopyFilesBuildPhase;
			buildActionMask = 2147483647;
			dstPath = /usr/share/man/man1/;
			dstSubfolderSpec = 0;
			files = (
			);
			runOnlyForDeploymentPostprocessing = 1;
		};
/* End PBXCopyFilesBuildPhase section */

/* Begin PBXFileReference section */
		CCB9D42A1C575A6A005CDF24 /* Predicate */ = {isa = PBXFileReference; explicitFileType = "compiled.mach-o.executable"; includeInIndex = 0; path = Predicate; sourceTree = BUILT_PRODUCTS_DIR; };
		CCB9D42D1C575A6A005CDF24 /* main.m */ = {isa = PBXFileReference; lastKnownFileType = sourcecode.c.objc; path = main.m; sourceTree = "<group>"; };
		CCB9D4341C575B66005CDF24 /* Person.h */ = {isa = PBXFileReference; fileEncoding = 4; lastKnownFileType = sourcecode.c.h; path = Person.h; sourceTree = "<group>"; };
		CCB9D4351C575B66005CDF24 /* Person.m */ = {isa = PBXFileReference; fileEncoding = 4; lastKnownFileType = sourcecode.c.objc; path = Person.m; sourceTree = "<group>"; };
/* End PBXFileReference section */

/* Begin PBXFrameworksBuildPhase section */
		CCB9D4271C575A6A005CDF24 /* Frameworks */ = {
			isa = PBXFrameworksBuildPhase;
			buildActionMask = 2147483647;
			files = (
			);
			runOnlyForDeploymentPostprocessing = 0;
		};
/* End PBXFrameworksBuildPhase section */

/* Begin PBXGroup section */
		CCB9D4211C575A6A005CDF24 = {
			isa = PBXGroup;
			children = (
				CCB9D42C1C575A6A005CDF24 /* Predicate */,
				CCB9D42B1C575A6A005CDF24 /* Products */,
			);
			sourceTree = "<group>";
		};
		CCB9D42B1C575A6A005CDF24 /* Products */ = {
			isa = PBXGroup;
			children = (
				CCB9D42A1C575A6A005CDF24 /* Predicate */,
			);
			name = Products;
			sourceTree = "<group>";
		};
		CCB9D42C1C575A6A005CDF24 /* Predicate */ = {
			isa = PBXGroup;
			children = (
				CCB9D42D1C575A6A005CDF24 /* main.m */,
				CCB9D4341C575B66005CDF24 /* Person.h */,
				CCB9D4351C575B66005CDF24 /* Person.m */,
			);
			path = Predicate;
			sourceTree = "<group>";
		};
/* End PBXGroup section */

/* Begin PBXNativeTarget section */
		CCB9D4291C575A6A005CDF24 /* Predicate */ = {
			isa = PBXNativeTarget;
			buildConfigurationList = CCB9D4311C575A6A005CDF24 /* Build configuration list for PBXNativeTarget "Predicate" */;
			buildPhases = (
				CCB9D4261C575A6A005CDF24 /* Sources */,
				CCB9D4271C575A6A005CDF24 /* Frameworks */,
				CCB9D4281C575A6A005CDF24 /* CopyFiles */,
			);
			buildRules = (
			);
			dependencies = (
			);
			name = Predicate;
			productName = Predicate;
			productReference = CCB9D42A1C575A6A005CDF24 /* Predicate */;
			productType = "com.apple.product-type.tool";
		};
/* End PBXNativeTarget section */

/* Begin PBXProject section */
		CCB9D4221C575A6A005CDF24 /* Project object */ = {
			isa = PBXProject;
			attributes = {
				LastUpgradeCheck = 0700;
				ORGANIZATIONNAME = Ruter;
				TargetAttributes = {
					CCB9D4291C575A6A005CDF24 = {
						CreatedOnToolsVersion = 7.0;
					};
				};
			};
			buildConfigurationList = CCB9D4251C575A6A005CDF24 /* Build configuration list for PBXProject "Predicate" */;
			compatibilityVersion = "Xcode 3.2";
			developmentRegion = English;
			hasScannedForEncodings = 0;
			knownRegions = (
				en,
			);
			mainGroup = CCB9D4211C575A6A005CDF24;
			productRefGroup = CCB9D42B1C575A6A005CDF24 /* Products */;
			projectDirPath = "";
			projectRoot = "";
			targets = (
				CCB9D4291C575A6A005CDF24 /* Predicate */,
			);
		};
/* End PBXProject section */

/* Begin PBXSourcesBuildPhase section */
		CCB9D4261C575A6A005CDF24 /* Sources */ = {
			isa = PBXSourcesBuildPhase;
			buildActionMask = 2147483647;
			files = (
				CCB9D4361C575B66005CDF24 /* Person.m in Sources */,
				CCB9D42E1C575A6A005CDF24 /* main.m in Sources */,
			);
			runOnlyForDeploymentPostprocessing = 0;
		};
/* End PBXSourcesBuildPhase section */

/* Begin XCBuildConfiguration section */
		CCB9D42F1C575A6A005CDF24 /* Debug */ = {
			isa = XCBuildConfiguration;
			buildSettings = {
				ALWAYS_SEARCH_USER_PATHS = NO;
				CLANG_CXX_LANGUAGE_STANDARD = "gnu++0x";
				CLANG_CXX_LIBRARY = "libc++";
				CLANG_ENABLE_MODULES = YES;
				CLANG_ENABLE_OBJC_ARC = YES;
				CLANG_WARN_BOOL_CONVERSION = YES;
				CLANG_WARN_CONSTANT_CONVERSION = YES;
				CLANG_WARN_DIRECT_OBJC_ISA_USAGE = YES_ERROR;
				CLANG_WARN_EMPTY_BODY = YES;
				CLANG_WARN_ENUM_CONVERSION = YES;
				CLANG_WARN_INT_CONVERSION = YES;
				CLANG_WARN_OBJC_ROOT_CLASS = YES_ERROR;
				CLANG_WARN_UNREACHABLE_CODE = YES;
				CLANG_WARN__DUPLICATE_METHOD_MATCH = YES;
				COPY_PHASE_STRIP = NO;
				DEBUG_INFORMATION_FORMAT = dwarf;
				ENABLE_STRICT_OBJC_MSGSEND = YES;
				ENABLE_TESTABILITY = YES;
				GCC_C_LANGUAGE_STANDARD = gnu99;
				GCC_DYNAMIC_NO_PIC = NO;
				GCC_NO_COMMON_BLOCKS = YES;
				GCC_OPTIMIZATION_LEVEL = 0;
				GCC_PREPROCESSOR_DEFINITIONS = (
					"DEBUG=1",
					"$(inherited)",
				);
				GCC_WARN_64_TO_32_BIT_CONVERSION = YES;
				GCC_WARN_ABOUT_RETURN_TYPE = YES_ERROR;
				GCC_WARN_UNDECLARED_SELECTOR = YES;
				GCC_WARN_UNINITIALIZED_AUTOS = YES_AGGRESSIVE;
				GCC_WARN_UNUSED_FUNCTION = YES;
				GCC_WARN_UNUSED_VARIABLE = YES;
				MACOSX_DEPLOYMENT_TARGET = 10.10;
				MTL_ENABLE_DEBUG_INFO = YES;
				ONLY_ACTIVE_ARCH = YES;
				SDKROOT = macosx;
			};
			name = Debug;
		};
		CCB9D4301C575A6A005CDF24 /* Release */ = {
			isa = XCBuildConfiguration;
			buildSettings = {
				ALWAYS_SEARCH_USER_PATHS = NO;
				CLANG_CXX_LANGUAGE_STANDARD = "gnu++0x";
				CLANG_CXX_LIBRARY = "libc++";
				CLANG_ENABLE_MODULES = YES;
				CLANG_ENABLE_OBJC_ARC = YES;
				CLANG_WARN_BOOL_CONVERSION = YES;
				CLANG_WARN_CONSTANT_CONVERSION = YES;
				CLANG_WARN_DIRECT_OBJC_ISA_USAGE = YES_ERROR;
				CLANG_WARN_EMPTY_BODY = YES;
				CLANG_WARN_ENUM_CONVERSION = YES;
				CLANG_WARN_INT_CONVERSION = YES;
				CLANG_WARN_OBJC_ROOT_CLASS = YES_ERROR;
				CLANG_WARN_UNREACHABLE_CODE = YES;
				CLANG_WARN__DUPLICATE_METHOD_MATCH = YES;
				COPY_PHASE_STRIP = NO;
				DEBUG_INFORMATION_FORMAT = "dwarf-with-dsym";
				ENABLE_NS_ASSERTIONS = NO;
				ENABLE_STRICT_OBJC_MSGSEND = YES;
				GCC_C_LANGUAGE_STANDARD = gnu99;
				GCC_NO_COMMON_BLOCKS = YES;
				GCC_WARN_64_TO_32_BIT_CONVERSION = YES;
				GCC_WARN_ABOUT_RETURN_TYPE = YES_ERROR;
				GCC_WARN_UNDECLARED_SELECTOR = YES;
				GCC_WARN_UNINITIALIZED_AUTOS = YES_AGGRESSIVE;
				GCC_WARN_UNUSED_FUNCTION = YES;
				GCC_WARN_UNUSED_VARIABLE = YES;
				MACOSX_DEPLOYMENT_TARGET = 10.10;
				MTL_ENABLE_DEBUG_INFO = NO;
				SDKROOT = macosx;
			};
			name = Release;
		};
		CCB9D4321C575A6A005CDF24 /* Debug */ = {
			isa = XCBuildConfiguration;
			buildSettings = {
				PRODUCT_NAME = "$(TARGET_NAME)";
			};
			name = Debug;
		};
		CCB9D4331C575A6A005CDF24 /* Release */ = {
			isa = XCBuildConfiguration;
			buildSettings = {
				PRODUCT_NAME = "$(TARGET_NAME)";
			};
			name = Release;
		};
/* End XCBuildConfiguration section */

/* Begin XCConfigurationList section */
		CCB9D4251C575A6A005CDF24 /* Build configuration list for PBXProject "Predicate" */ = {
			isa = XCConfigurationList;
			buildConfigurations = (
				CCB9D42F1C575A6A005CDF24 /* Debug */,
				CCB9D4301C575A6A005CDF24 /* Release */,
			);
			defaultConfigurationIsVisible = 0;
			defaultConfigurationName = Release;
		};
		CCB9D4311C575A6A005CDF24 /* Build configuration list for PBXNativeTarget "Predicate" */ = {
			isa = XCConfigurationList;
			buildConfigurations = (
				CCB9D4321C575A6A005CDF24 /* Debug */,
				CCB9D4331C575A6A005CDF24 /* Release */,
			);
			defaultConfigurationIsVisible = 0;
		};
/* End XCConfigurationList section */
	};
	rootObject = CCB9D4221C575A6A005CDF24 /* Project object */;
}
