// !$*UTF8*$!
{
	archiveVersion = 1;
	classes = {
	};
	objectVersion = 46;
	objects = {

/* Begin PBXBuildFile section */
		CC6882371C60FDAD0002DF89 /* main.m in Sources */ = {isa = PBXBuildFile; fileRef = CC6882361C60FDAD0002DF89 /* main.m */; };
		CC68823A1C60FDAD0002DF89 /* AppDelegate.m in Sources */ = {isa = PBXBuildFile; fileRef = CC6882391C60FDAD0002DF89 /* AppDelegate.m */; };
		CC68823D1C60FDAD0002DF89 /* ViewController.m in Sources */ = {isa = PBXBuildFile; fileRef = CC68823C1C60FDAD0002DF89 /* ViewController.m */; };
		CC6882401C60FDAD0002DF89 /* Main.storyboard in Resources */ = {isa = PBXBuildFile; fileRef = CC68823E1C60FDAD0002DF89 /* Main.storyboard */; };
		CC6882421C60FDAD0002DF89 /* Assets.xcassets in Resources */ = {isa = PBXBuildFile; fileRef = CC6882411C60FDAD0002DF89 /* Assets.xcassets */; };
		CC6882451C60FDAD0002DF89 /* LaunchScreen.storyboard in Resources */ = {isa = PBXBuildFile; fileRef = CC6882431C60FDAD0002DF89 /* LaunchScreen.storyboard */; };
		CC6882501C60FDAD0002DF89 /* UIPickerViewTests.m in Sources */ = {isa = PBXBuildFile; fileRef = CC68824F1C60FDAD0002DF89 /* UIPickerViewTests.m */; };
		CC68825B1C60FDAD0002DF89 /* UIPickerViewUITests.m in Sources */ = {isa = PBXBuildFile; fileRef = CC68825A1C60FDAD0002DF89 /* UIPickerViewUITests.m */; };
/* End PBXBuildFile section */

/* Begin PBXContainerItemProxy section */
		CC68824C1C60FDAD0002DF89 /* PBXContainerItemProxy */ = {
			isa = PBXContainerItemProxy;
			containerPortal = CC68822A1C60FDAD0002DF89 /* Project object */;
			proxyType = 1;
			remoteGlobalIDString = CC6882311C60FDAD0002DF89;
			remoteInfo = UIPickerView;
		};
		CC6882571C60FDAD0002DF89 /* PBXContainerItemProxy */ = {
			isa = PBXContainerItemProxy;
			containerPortal = CC68822A1C60FDAD0002DF89 /* Project object */;
			proxyType = 1;
			remoteGlobalIDString = CC6882311C60FDAD0002DF89;
			remoteInfo = UIPickerView;
		};
/* End PBXContainerItemProxy section */

/* Begin PBXFileReference section */
		CC6882321C60FDAD0002DF89 /* UIPickerView.app */ = {isa = PBXFileReference; explicitFileType = wrapper.application; includeInIndex = 0; path = UIPickerView.app; sourceTree = BUILT_PRODUCTS_DIR; };
		CC6882361C60FDAD0002DF89 /* main.m */ = {isa = PBXFileReference; lastKnownFileType = sourcecode.c.objc; path = main.m; sourceTree = "<group>"; };
		CC6882381C60FDAD0002DF89 /* AppDelegate.h */ = {isa = PBXFileReference; lastKnownFileType = sourcecode.c.h; path = AppDelegate.h; sourceTree = "<group>"; };
		CC6882391C60FDAD0002DF89 /* AppDelegate.m */ = {isa = PBXFileReference; lastKnownFileType = sourcecode.c.objc; path = AppDelegate.m; sourceTree = "<group>"; };
		CC68823B1C60FDAD0002DF89 /* ViewController.h */ = {isa = PBXFileReference; lastKnownFileType = sourcecode.c.h; path = ViewController.h; sourceTree = "<group>"; };
		CC68823C1C60FDAD0002DF89 /* ViewController.m */ = {isa = PBXFileReference; lastKnownFileType = sourcecode.c.objc; path = ViewController.m; sourceTree = "<group>"; };
		CC68823F1C60FDAD0002DF89 /* Base */ = {isa = PBXFileReference; lastKnownFileType = file.storyboard; name = Base; path = Base.lproj/Main.storyboard; sourceTree = "<group>"; };
		CC6882411C60FDAD0002DF89 /* Assets.xcassets */ = {isa = PBXFileReference; lastKnownFileType = folder.assetcatalog; path = Assets.xcassets; sourceTree = "<group>"; };
		CC6882441C60FDAD0002DF89 /* Base */ = {isa = PBXFileReference; lastKnownFileType = file.storyboard; name = Base; path = Base.lproj/LaunchScreen.storyboard; sourceTree = "<group>"; };
		CC6882461C60FDAD0002DF89 /* Info.plist */ = {isa = PBXFileReference; lastKnownFileType = text.plist.xml; path = Info.plist; sourceTree = "<group>"; };
		CC68824B1C60FDAD0002DF89 /* UIPickerViewTests.xctest */ = {isa = PBXFileReference; explicitFileType = wrapper.cfbundle; includeInIndex = 0; path = UIPickerViewTests.xctest; sourceTree = BUILT_PRODUCTS_DIR; };
		CC68824F1C60FDAD0002DF89 /* UIPickerViewTests.m */ = {isa = PBXFileReference; lastKnownFileType = sourcecode.c.objc; path = UIPickerViewTests.m; sourceTree = "<group>"; };
		CC6882511C60FDAD0002DF89 /* Info.plist */ = {isa = PBXFileReference; lastKnownFileType = text.plist.xml; path = Info.plist; sourceTree = "<group>"; };
		CC6882561C60FDAD0002DF89 /* UIPickerViewUITests.xctest */ = {isa = PBXFileReference; explicitFileType = wrapper.cfbundle; includeInIndex = 0; path = UIPickerViewUITests.xctest; sourceTree = BUILT_PRODUCTS_DIR; };
		CC68825A1C60FDAD0002DF89 /* UIPickerViewUITests.m */ = {isa = PBXFileReference; lastKnownFileType = sourcecode.c.objc; path = UIPickerViewUITests.m; sourceTree = "<group>"; };
		CC68825C1C60FDAD0002DF89 /* Info.plist */ = {isa = PBXFileReference; lastKnownFileType = text.plist.xml; path = Info.plist; sourceTree = "<group>"; };
/* End PBXFileReference section */

/* Begin PBXFrameworksBuildPhase section */
		CC68822F1C60FDAD0002DF89 /* Frameworks */ = {
			isa = PBXFrameworksBuildPhase;
			buildActionMask = 2147483647;
			files = (
			);
			runOnlyForDeploymentPostprocessing = 0;
		};
		CC6882481C60FDAD0002DF89 /* Frameworks */ = {
			isa = PBXFrameworksBuildPhase;
			buildActionMask = 2147483647;
			files = (
			);
			runOnlyForDeploymentPostprocessing = 0;
		};
		CC6882531C60FDAD0002DF89 /* Frameworks */ = {
			isa = PBXFrameworksBuildPhase;
			buildActionMask = 2147483647;
			files = (
			);
			runOnlyForDeploymentPostprocessing = 0;
		};
/* End PBXFrameworksBuildPhase section */

/* Begin PBXGroup section */
		CC6882291C60FDAD0002DF89 = {
			isa = PBXGroup;
			children = (
				CC6882341C60FDAD0002DF89 /* UIPickerView */,
				CC68824E1C60FDAD0002DF89 /* UIPickerViewTests */,
				CC6882591C60FDAD0002DF89 /* UIPickerViewUITests */,
				CC6882331C60FDAD0002DF89 /* Products */,
			);
			sourceTree = "<group>";
		};
		CC6882331C60FDAD0002DF89 /* Products */ = {
			isa = PBXGroup;
			children = (
				CC6882321C60FDAD0002DF89 /* UIPickerView.app */,
				CC68824B1C60FDAD0002DF89 /* UIPickerViewTests.xctest */,
				CC6882561C60FDAD0002DF89 /* UIPickerViewUITests.xctest */,
			);
			name = Products;
			sourceTree = "<group>";
		};
		CC6882341C60FDAD0002DF89 /* UIPickerView */ = {
			isa = PBXGroup;
			children = (
				CC6882381C60FDAD0002DF89 /* AppDelegate.h */,
				CC6882391C60FDAD0002DF89 /* AppDelegate.m */,
				CC68823B1C60FDAD0002DF89 /* ViewController.h */,
				CC68823C1C60FDAD0002DF89 /* ViewController.m */,
				CC68823E1C60FDAD0002DF89 /* Main.storyboard */,
				CC6882411C60FDAD0002DF89 /* Assets.xcassets */,
				CC6882431C60FDAD0002DF89 /* LaunchScreen.storyboard */,
				CC6882461C60FDAD0002DF89 /* Info.plist */,
				CC6882351C60FDAD0002DF89 /* Supporting Files */,
			);
			path = UIPickerView;
			sourceTree = "<group>";
		};
		CC6882351C60FDAD0002DF89 /* Supporting Files */ = {
			isa = PBXGroup;
			children = (
				CC6882361C60FDAD0002DF89 /* main.m */,
			);
			name = "Supporting Files";
			sourceTree = "<group>";
		};
		CC68824E1C60FDAD0002DF89 /* UIPickerViewTests */ = {
			isa = PBXGroup;
			children = (
				CC68824F1C60FDAD0002DF89 /* UIPickerViewTests.m */,
				CC6882511C60FDAD0002DF89 /* Info.plist */,
			);
			path = UIPickerViewTests;
			sourceTree = "<group>";
		};
		CC6882591C60FDAD0002DF89 /* UIPickerViewUITests */ = {
			isa = PBXGroup;
			children = (
				CC68825A1C60FDAD0002DF89 /* UIPickerViewUITests.m */,
				CC68825C1C60FDAD0002DF89 /* Info.plist */,
			);
			path = UIPickerViewUITests;
			sourceTree = "<group>";
		};
/* End PBXGroup section */

/* Begin PBXNativeTarget section */
		CC6882311C60FDAD0002DF89 /* UIPickerView */ = {
			isa = PBXNativeTarget;
			buildConfigurationList = CC68825F1C60FDAD0002DF89 /* Build configuration list for PBXNativeTarget "UIPickerView" */;
			buildPhases = (
				CC68822E1C60FDAD0002DF89 /* Sources */,
				CC68822F1C60FDAD0002DF89 /* Frameworks */,
				CC6882301C60FDAD0002DF89 /* Resources */,
			);
			buildRules = (
			);
			dependencies = (
			);
			name = UIPickerView;
			productName = UIPickerView;
			productReference = CC6882321C60FDAD0002DF89 /* UIPickerView.app */;
			productType = "com.apple.product-type.application";
		};
		CC68824A1C60FDAD0002DF89 /* UIPickerViewTests */ = {
			isa = PBXNativeTarget;
			buildConfigurationList = CC6882621C60FDAD0002DF89 /* Build configuration list for PBXNativeTarget "UIPickerViewTests" */;
			buildPhases = (
				CC6882471C60FDAD0002DF89 /* Sources */,
				CC6882481C60FDAD0002DF89 /* Frameworks */,
				CC6882491C60FDAD0002DF89 /* Resources */,
			);
			buildRules = (
			);
			dependencies = (
				CC68824D1C60FDAD0002DF89 /* PBXTargetDependency */,
			);
			name = UIPickerViewTests;
			productName = UIPickerViewTests;
			productReference = CC68824B1C60FDAD0002DF89 /* UIPickerViewTests.xctest */;
			productType = "com.apple.product-type.bundle.unit-test";
		};
		CC6882551C60FDAD0002DF89 /* UIPickerViewUITests */ = {
			isa = PBXNativeTarget;
			buildConfigurationList = CC6882651C60FDAD0002DF89 /* Build configuration list for PBXNativeTarget "UIPickerViewUITests" */;
			buildPhases = (
				CC6882521C60FDAD0002DF89 /* Sources */,
				CC6882531C60FDAD0002DF89 /* Frameworks */,
				CC6882541C60FDAD0002DF89 /* Resources */,
			);
			buildRules = (
			);
			dependencies = (
				CC6882581C60FDAD0002DF89 /* PBXTargetDependency */,
			);
			name = UIPickerViewUITests;
			productName = UIPickerViewUITests;
			productReference = CC6882561C60FDAD0002DF89 /* UIPickerViewUITests.xctest */;
			productType = "com.apple.product-type.bundle.ui-testing";
		};
/* End PBXNativeTarget section */

/* Begin PBXProject section */
		CC68822A1C60FDAD0002DF89 /* Project object */ = {
			isa = PBXProject;
			attributes = {
				LastUpgradeCheck = 0700;
				ORGANIZATIONNAME = Ruter;
				TargetAttributes = {
					CC6882311C60FDAD0002DF89 = {
						CreatedOnToolsVersion = 7.0;
					};
					CC68824A1C60FDAD0002DF89 = {
						CreatedOnToolsVersion = 7.0;
						TestTargetID = CC6882311C60FDAD0002DF89;
					};
					CC6882551C60FDAD0002DF89 = {
						CreatedOnToolsVersion = 7.0;
						TestTargetID = CC6882311C60FDAD0002DF89;
					};
				};
			};
			buildConfigurationList = CC68822D1C60FDAD0002DF89 /* Build configuration list for PBXProject "UIPickerView" */;
			compatibilityVersion = "Xcode 3.2";
			developmentRegion = English;
			hasScannedForEncodings = 0;
			knownRegions = (
				en,
				Base,
			);
			mainGroup = CC6882291C60FDAD0002DF89;
			productRefGroup = CC6882331C60FDAD0002DF89 /* Products */;
			projectDirPath = "";
			projectRoot = "";
			targets = (
				CC6882311C60FDAD0002DF89 /* UIPickerView */,
				CC68824A1C60FDAD0002DF89 /* UIPickerViewTests */,
				CC6882551C60FDAD0002DF89 /* UIPickerViewUITests */,
			);
		};
/* End PBXProject section */

/* Begin PBXResourcesBuildPhase section */
		CC6882301C60FDAD0002DF89 /* Resources */ = {
			isa = PBXResourcesBuildPhase;
			buildActionMask = 2147483647;
			files = (
				CC6882451C60FDAD0002DF89 /* LaunchScreen.storyboard in Resources */,
				CC6882421C60FDAD0002DF89 /* Assets.xcassets in Resources */,
				CC6882401C60FDAD0002DF89 /* Main.storyboard in Resources */,
			);
			runOnlyForDeploymentPostprocessing = 0;
		};
		CC6882491C60FDAD0002DF89 /* Resources */ = {
			isa = PBXResourcesBuildPhase;
			buildActionMask = 2147483647;
			files = (
			);
			runOnlyForDeploymentPostprocessing = 0;
		};
		CC6882541C60FDAD0002DF89 /* Resources */ = {
			isa = PBXResourcesBuildPhase;
			buildActionMask = 2147483647;
			files = (
			);
			runOnlyForDeploymentPostprocessing = 0;
		};
/* End PBXResourcesBuildPhase section */

/* Begin PBXSourcesBuildPhase section */
		CC68822E1C60FDAD0002DF89 /* Sources */ = {
			isa = PBXSourcesBuildPhase;
			buildActionMask = 2147483647;
			files = (
				CC68823D1C60FDAD0002DF89 /* ViewController.m in Sources */,
				CC68823A1C60FDAD0002DF89 /* AppDelegate.m in Sources */,
				CC6882371C60FDAD0002DF89 /* main.m in Sources */,
			);
			runOnlyForDeploymentPostprocessing = 0;
		};
		CC6882471C60FDAD0002DF89 /* Sources */ = {
			isa = PBXSourcesBuildPhase;
			buildActionMask = 2147483647;
			files = (
				CC6882501C60FDAD0002DF89 /* UIPickerViewTests.m in Sources */,
			);
			runOnlyForDeploymentPostprocessing = 0;
		};
		CC6882521C60FDAD0002DF89 /* Sources */ = {
			isa = PBXSourcesBuildPhase;
			buildActionMask = 2147483647;
			files = (
				CC68825B1C60FDAD0002DF89 /* UIPickerViewUITests.m in Sources */,
			);
			runOnlyForDeploymentPostprocessing = 0;
		};
/* End PBXSourcesBuildPhase section */

/* Begin PBXTargetDependency section */
		CC68824D1C60FDAD0002DF89 /* PBXTargetDependency */ = {
			isa = PBXTargetDependency;
			target = CC6882311C60FDAD0002DF89 /* UIPickerView */;
			targetProxy = CC68824C1C60FDAD0002DF89 /* PBXContainerItemProxy */;
		};
		CC6882581C60FDAD0002DF89 /* PBXTargetDependency */ = {
			isa = PBXTargetDependency;
			target = CC6882311C60FDAD0002DF89 /* UIPickerView */;
			targetProxy = CC6882571C60FDAD0002DF89 /* PBXContainerItemProxy */;
		};
/* End PBXTargetDependency section */

/* Begin PBXVariantGroup section */
		CC68823E1C60FDAD0002DF89 /* Main.storyboard */ = {
			isa = PBXVariantGroup;
			children = (
				CC68823F1C60FDAD0002DF89 /* Base */,
			);
			name = Main.storyboard;
			sourceTree = "<group>";
		};
		CC6882431C60FDAD0002DF89 /* LaunchScreen.storyboard */ = {
			isa = PBXVariantGroup;
			children = (
				CC6882441C60FDAD0002DF89 /* Base */,
			);
			name = LaunchScreen.storyboard;
			sourceTree = "<group>";
		};
/* End PBXVariantGroup section */

/* Begin XCBuildConfiguration section */
		CC68825D1C60FDAD0002DF89 /* Debug */ = {
			isa = XCBuildConfiguration;
			buildSettings = {
				ALWAYS_SEARCH_USER_PATHS = NO;
				CLANG_CXX_LANGUAGE_STANDARD = "gnu++0x";
				CLANG_CXX_LIBRARY = "libc++";
				CLANG_ENABLE_MODULES = YES;
				CLANG_ENABLE_OBJC_ARC = YES;
				CLANG_WARN_BOOL_CONVERSION = YES;
				CLANG_WARN_CONSTANT_CONVERSION = YES;
				CLANG_WARN_DIRECT_OBJC_ISA_USAGE = YES_ERROR;
				CLANG_WARN_EMPTY_BODY = YES;
				CLANG_WARN_ENUM_CONVERSION = YES;
				CLANG_WARN_INT_CONVERSION = YES;
				CLANG_WARN_OBJC_ROOT_CLASS = YES_ERROR;
				CLANG_WARN_UNREACHABLE_CODE = YES;
				CLANG_WARN__DUPLICATE_METHOD_MATCH = YES;
				"CODE_SIGN_IDENTITY[sdk=iphoneos*]" = "iPhone Developer";
				COPY_PHASE_STRIP = NO;
				DEBUG_INFORMATION_FORMAT = dwarf;
				ENABLE_STRICT_OBJC_MSGSEND = YES;
				ENABLE_TESTABILITY = YES;
				GCC_C_LANGUAGE_STANDARD = gnu99;
				GCC_DYNAMIC_NO_PIC = NO;
				GCC_NO_COMMON_BLOCKS = YES;
				GCC_OPTIMIZATION_LEVEL = 0;
				GCC_PREPROCESSOR_DEFINITIONS = (
					"DEBUG=1",
					"$(inherited)",
				);
				GCC_WARN_64_TO_32_BIT_CONVERSION = YES;
				GCC_WARN_ABOUT_RETURN_TYPE = YES_ERROR;
				GCC_WARN_UNDECLARED_SELECTOR = YES;
				GCC_WARN_UNINITIALIZED_AUTOS = YES_AGGRESSIVE;
				GCC_WARN_UNUSED_FUNCTION = YES;
				GCC_WARN_UNUSED_VARIABLE = YES;
				IPHONEOS_DEPLOYMENT_TARGET = 9.0;
				MTL_ENABLE_DEBUG_INFO = YES;
				ONLY_ACTIVE_ARCH = YES;
				SDKROOT = iphoneos;
			};
			name = Debug;
		};
		CC68825E1C60FDAD0002DF89 /* Release */ = {
			isa = XCBuildConfiguration;
			buildSettings = {
				ALWAYS_SEARCH_USER_PATHS = NO;
				CLANG_CXX_LANGUAGE_STANDARD = "gnu++0x";
				CLANG_CXX_LIBRARY = "libc++";
				CLANG_ENABLE_MODULES = YES;
				CLANG_ENABLE_OBJC_ARC = YES;
				CLANG_WARN_BOOL_CONVERSION = YES;
				CLANG_WARN_CONSTANT_CONVERSION = YES;
				CLANG_WARN_DIRECT_OBJC_ISA_USAGE = YES_ERROR;
				CLANG_WARN_EMPTY_BODY = YES;
				CLANG_WARN_ENUM_CONVERSION = YES;
				CLANG_WARN_INT_CONVERSION = YES;
				CLANG_WARN_OBJC_ROOT_CLASS = YES_ERROR;
				CLANG_WARN_UNREACHABLE_CODE = YES;
				CLANG_WARN__DUPLICATE_METHOD_MATCH = YES;
				"CODE_SIGN_IDENTITY[sdk=iphoneos*]" = "iPhone Developer";
				COPY_PHASE_STRIP = NO;
				DEBUG_INFORMATION_FORMAT = "dwarf-with-dsym";
				ENABLE_NS_ASSERTIONS = NO;
				ENABLE_STRICT_OBJC_MSGSEND = YES;
				GCC_C_LANGUAGE_STANDARD = gnu99;
				GCC_NO_COMMON_BLOCKS = YES;
				GCC_WARN_64_TO_32_BIT_CONVERSION = YES;
				GCC_WARN_ABOUT_RETURN_TYPE = YES_ERROR;
				GCC_WARN_UNDECLARED_SELECTOR = YES;
				GCC_WARN_UNINITIALIZED_AUTOS = YES_AGGRESSIVE;
				GCC_WARN_UNUSED_FUNCTION = YES;
				GCC_WARN_UNUSED_VARIABLE = YES;
				IPHONEOS_DEPLOYMENT_TARGET = 9.0;
				MTL_ENABLE_DEBUG_INFO = NO;
				SDKROOT = iphoneos;
				VALIDATE_PRODUCT = YES;
			};
			name = Release;
		};
		CC6882601C60FDAD0002DF89 /* Debug */ = {
			isa = XCBuildConfiguration;
			buildSettings = {
				ASSETCATALOG_COMPILER_APPICON_NAME = AppIcon;
				INFOPLIST_FILE = UIPickerView/Info.plist;
				LD_RUNPATH_SEARCH_PATHS = "$(inherited) @executable_path/Frameworks";
				PRODUCT_BUNDLE_IDENTIFIER = io.github.ruter.UIPickerView;
				PRODUCT_NAME = "$(TARGET_NAME)";
			};
			name = Debug;
		};
		CC6882611C60FDAD0002DF89 /* Release */ = {
			isa = XCBuildConfiguration;
			buildSettings = {
				ASSETCATALOG_COMPILER_APPICON_NAME = AppIcon;
				INFOPLIST_FILE = UIPickerView/Info.plist;
				LD_RUNPATH_SEARCH_PATHS = "$(inherited) @executable_path/Frameworks";
				PRODUCT_BUNDLE_IDENTIFIER = io.github.ruter.UIPickerView;
				PRODUCT_NAME = "$(TARGET_NAME)";
			};
			name = Release;
		};
		CC6882631C60FDAD0002DF89 /* Debug */ = {
			isa = XCBuildConfiguration;
			buildSettings = {
				BUNDLE_LOADER = "$(TEST_HOST)";
				INFOPLIST_FILE = UIPickerViewTests/Info.plist;
				LD_RUNPATH_SEARCH_PATHS = "$(inherited) @executable_path/Frameworks @loader_path/Frameworks";
				PRODUCT_BUNDLE_IDENTIFIER = io.github.ruter.UIPickerViewTests;
				PRODUCT_NAME = "$(TARGET_NAME)";
				TEST_HOST = "$(BUILT_PRODUCTS_DIR)/UIPickerView.app/UIPickerView";
			};
			name = Debug;
		};
		CC6882641C60FDAD0002DF89 /* Release */ = {
			isa = XCBuildConfiguration;
			buildSettings = {
				BUNDLE_LOADER = "$(TEST_HOST)";
				INFOPLIST_FILE = UIPickerViewTests/Info.plist;
				LD_RUNPATH_SEARCH_PATHS = "$(inherited) @executable_path/Frameworks @loader_path/Frameworks";
				PRODUCT_BUNDLE_IDENTIFIER = io.github.ruter.UIPickerViewTests;
				PRODUCT_NAME = "$(TARGET_NAME)";
				TEST_HOST = "$(BUILT_PRODUCTS_DIR)/UIPickerView.app/UIPickerView";
			};
			name = Release;
		};
		CC6882661C60FDAD0002DF89 /* Debug */ = {
			isa = XCBuildConfiguration;
			buildSettings = {
				INFOPLIST_FILE = UIPickerViewUITests/Info.plist;
				LD_RUNPATH_SEARCH_PATHS = "$(inherited) @executable_path/Frameworks @loader_path/Frameworks";
				PRODUCT_BUNDLE_IDENTIFIER = io.github.ruter.UIPickerViewUITests;
				PRODUCT_NAME = "$(TARGET_NAME)";
				TEST_TARGET_NAME = UIPickerView;
				USES_XCTRUNNER = YES;
			};
			name = Debug;
		};
		CC6882671C60FDAD0002DF89 /* Release */ = {
			isa = XCBuildConfiguration;
			buildSettings = {
				INFOPLIST_FILE = UIPickerViewUITests/Info.plist;
				LD_RUNPATH_SEARCH_PATHS = "$(inherited) @executable_path/Frameworks @loader_path/Frameworks";
				PRODUCT_BUNDLE_IDENTIFIER = io.github.ruter.UIPickerViewUITests;
				PRODUCT_NAME = "$(TARGET_NAME)";
				TEST_TARGET_NAME = UIPickerView;
				USES_XCTRUNNER = YES;
			};
			name = Release;
		};
/* End XCBuildConfiguration section */

/* Begin XCConfigurationList section */
		CC68822D1C60FDAD0002DF89 /* Build configuration list for PBXProject "UIPickerView" */ = {
			isa = XCConfigurationList;
			buildConfigurations = (
				CC68825D1C60FDAD0002DF89 /* Debug */,
				CC68825E1C60FDAD0002DF89 /* Release */,
			);
			defaultConfigurationIsVisible = 0;
			defaultConfigurationName = Release;
		};
		CC68825F1C60FDAD0002DF89 /* Build configuration list for PBXNativeTarget "UIPickerView" */ = {
			isa = XCConfigurationList;
			buildConfigurations = (
				CC6882601C60FDAD0002DF89 /* Debug */,
				CC6882611C60FDAD0002DF89 /* Release */,
			);
			defaultConfigurationIsVisible = 0;
		};
		CC6882621C60FDAD0002DF89 /* Build configuration list for PBXNativeTarget "UIPickerViewTests" */ = {
			isa = XCConfigurationList;
			buildConfigurations = (
				CC6882631C60FDAD0002DF89 /* Debug */,
				CC6882641C60FDAD0002DF89 /* Release */,
			);
			defaultConfigurationIsVisible = 0;
		};
		CC6882651C60FDAD0002DF89 /* Build configuration list for PBXNativeTarget "UIPickerViewUITests" */ = {
			isa = XCConfigurationList;
			buildConfigurations = (
				CC6882661C60FDAD0002DF89 /* Debug */,
				CC6882671C60FDAD0002DF89 /* Release */,
			);
			defaultConfigurationIsVisible = 0;
		};
/* End XCConfigurationList section */
	};
	rootObject = CC68822A1C60FDAD0002DF89 /* Project object */;
}
