// !$*UTF8*$!
{
	archiveVersion = 1;
	classes = {
	};
	objectVersion = 46;
	objects = {

/* Begin PBXBuildFile section */
		CC6881F41C60D3230002DF89 /* main.m in Sources */ = {isa = PBXBuildFile; fileRef = CC6881F31C60D3230002DF89 /* main.m */; };
		CC6881F71C60D3230002DF89 /* AppDelegate.m in Sources */ = {isa = PBXBuildFile; fileRef = CC6881F61C60D3230002DF89 /* AppDelegate.m */; };
		CC6881FA1C60D3230002DF89 /* ViewController.m in Sources */ = {isa = PBXBuildFile; fileRef = CC6881F91C60D3230002DF89 /* ViewController.m */; };
		CC6881FD1C60D3230002DF89 /* Main.storyboard in Resources */ = {isa = PBXBuildFile; fileRef = CC6881FB1C60D3230002DF89 /* Main.storyboard */; };
		CC6881FF1C60D3230002DF89 /* Assets.xcassets in Resources */ = {isa = PBXBuildFile; fileRef = CC6881FE1C60D3230002DF89 /* Assets.xcassets */; };
		CC6882021C60D3230002DF89 /* LaunchScreen.storyboard in Resources */ = {isa = PBXBuildFile; fileRef = CC6882001C60D3230002DF89 /* LaunchScreen.storyboard */; };
		CC68820D1C60D3230002DF89 /* UIScrollViewTests.m in Sources */ = {isa = PBXBuildFile; fileRef = CC68820C1C60D3230002DF89 /* UIScrollViewTests.m */; };
		CC6882181C60D3230002DF89 /* UIScrollViewUITests.m in Sources */ = {isa = PBXBuildFile; fileRef = CC6882171C60D3230002DF89 /* UIScrollViewUITests.m */; };
		CC6882281C60E47D0002DF89 /* scanpie.png in Resources */ = {isa = PBXBuildFile; fileRef = CC6882271C60E47D0002DF89 /* scanpie.png */; settings = {ASSET_TAGS = (); }; };
/* End PBXBuildFile section */

/* Begin PBXContainerItemProxy section */
		CC6882091C60D3230002DF89 /* PBXContainerItemProxy */ = {
			isa = PBXContainerItemProxy;
			containerPortal = CC6881E71C60D3230002DF89 /* Project object */;
			proxyType = 1;
			remoteGlobalIDString = CC6881EE1C60D3230002DF89;
			remoteInfo = UIScrollView;
		};
		CC6882141C60D3230002DF89 /* PBXContainerItemProxy */ = {
			isa = PBXContainerItemProxy;
			containerPortal = CC6881E71C60D3230002DF89 /* Project object */;
			proxyType = 1;
			remoteGlobalIDString = CC6881EE1C60D3230002DF89;
			remoteInfo = UIScrollView;
		};
/* End PBXContainerItemProxy section */

/* Begin PBXFileReference section */
		CC6881EF1C60D3230002DF89 /* UIScrollView.app */ = {isa = PBXFileReference; explicitFileType = wrapper.application; includeInIndex = 0; path = UIScrollView.app; sourceTree = BUILT_PRODUCTS_DIR; };
		CC6881F31C60D3230002DF89 /* main.m */ = {isa = PBXFileReference; lastKnownFileType = sourcecode.c.objc; path = main.m; sourceTree = "<group>"; };
		CC6881F51C60D3230002DF89 /* AppDelegate.h */ = {isa = PBXFileReference; lastKnownFileType = sourcecode.c.h; path = AppDelegate.h; sourceTree = "<group>"; };
		CC6881F61C60D3230002DF89 /* AppDelegate.m */ = {isa = PBXFileReference; lastKnownFileType = sourcecode.c.objc; path = AppDelegate.m; sourceTree = "<group>"; };
		CC6881F81C60D3230002DF89 /* ViewController.h */ = {isa = PBXFileReference; lastKnownFileType = sourcecode.c.h; path = ViewController.h; sourceTree = "<group>"; };
		CC6881F91C60D3230002DF89 /* ViewController.m */ = {isa = PBXFileReference; lastKnownFileType = sourcecode.c.objc; path = ViewController.m; sourceTree = "<group>"; };
		CC6881FC1C60D3230002DF89 /* Base */ = {isa = PBXFileReference; lastKnownFileType = file.storyboard; name = Base; path = Base.lproj/Main.storyboard; sourceTree = "<group>"; };
		CC6881FE1C60D3230002DF89 /* Assets.xcassets */ = {isa = PBXFileReference; lastKnownFileType = folder.assetcatalog; path = Assets.xcassets; sourceTree = "<group>"; };
		CC6882011C60D3230002DF89 /* Base */ = {isa = PBXFileReference; lastKnownFileType = file.storyboard; name = Base; path = Base.lproj/LaunchScreen.storyboard; sourceTree = "<group>"; };
		CC6882031C60D3230002DF89 /* Info.plist */ = {isa = PBXFileReference; lastKnownFileType = text.plist.xml; path = Info.plist; sourceTree = "<group>"; };
		CC6882081C60D3230002DF89 /* UIScrollViewTests.xctest */ = {isa = PBXFileReference; explicitFileType = wrapper.cfbundle; includeInIndex = 0; path = UIScrollViewTests.xctest; sourceTree = BUILT_PRODUCTS_DIR; };
		CC68820C1C60D3230002DF89 /* UIScrollViewTests.m */ = {isa = PBXFileReference; lastKnownFileType = sourcecode.c.objc; path = UIScrollViewTests.m; sourceTree = "<group>"; };
		CC68820E1C60D3230002DF89 /* Info.plist */ = {isa = PBXFileReference; lastKnownFileType = text.plist.xml; path = Info.plist; sourceTree = "<group>"; };
		CC6882131C60D3230002DF89 /* UIScrollViewUITests.xctest */ = {isa = PBXFileReference; explicitFileType = wrapper.cfbundle; includeInIndex = 0; path = UIScrollViewUITests.xctest; sourceTree = BUILT_PRODUCTS_DIR; };
		CC6882171C60D3230002DF89 /* UIScrollViewUITests.m */ = {isa = PBXFileReference; lastKnownFileType = sourcecode.c.objc; path = UIScrollViewUITests.m; sourceTree = "<group>"; };
		CC6882191C60D3230002DF89 /* Info.plist */ = {isa = PBXFileReference; lastKnownFileType = text.plist.xml; path = Info.plist; sourceTree = "<group>"; };
		CC6882271C60E47D0002DF89 /* scanpie.png */ = {isa = PBXFileReference; lastKnownFileType = image.png; path = scanpie.png; sourceTree = "<group>"; };
/* End PBXFileReference section */

/* Begin PBXFrameworksBuildPhase section */
		CC6881EC1C60D3230002DF89 /* Frameworks */ = {
			isa = PBXFrameworksBuildPhase;
			buildActionMask = 2147483647;
			files = (
			);
			runOnlyForDeploymentPostprocessing = 0;
		};
		CC6882051C60D3230002DF89 /* Frameworks */ = {
			isa = PBXFrameworksBuildPhase;
			buildActionMask = 2147483647;
			files = (
			);
			runOnlyForDeploymentPostprocessing = 0;
		};
		CC6882101C60D3230002DF89 /* Frameworks */ = {
			isa = PBXFrameworksBuildPhase;
			buildActionMask = 2147483647;
			files = (
			);
			runOnlyForDeploymentPostprocessing = 0;
		};
/* End PBXFrameworksBuildPhase section */

/* Begin PBXGroup section */
		CC6881E61C60D3230002DF89 = {
			isa = PBXGroup;
			children = (
				CC6881F11C60D3230002DF89 /* UIScrollView */,
				CC68820B1C60D3230002DF89 /* UIScrollViewTests */,
				CC6882161C60D3230002DF89 /* UIScrollViewUITests */,
				CC6881F01C60D3230002DF89 /* Products */,
			);
			sourceTree = "<group>";
		};
		CC6881F01C60D3230002DF89 /* Products */ = {
			isa = PBXGroup;
			children = (
				CC6881EF1C60D3230002DF89 /* UIScrollView.app */,
				CC6882081C60D3230002DF89 /* UIScrollViewTests.xctest */,
				CC6882131C60D3230002DF89 /* UIScrollViewUITests.xctest */,
			);
			name = Products;
			sourceTree = "<group>";
		};
		CC6881F11C60D3230002DF89 /* UIScrollView */ = {
			isa = PBXGroup;
			children = (
				CC6881F51C60D3230002DF89 /* AppDelegate.h */,
				CC6881F61C60D3230002DF89 /* AppDelegate.m */,
				CC6881F81C60D3230002DF89 /* ViewController.h */,
				CC6881F91C60D3230002DF89 /* ViewController.m */,
				CC6882271C60E47D0002DF89 /* scanpie.png */,
				CC6881FB1C60D3230002DF89 /* Main.storyboard */,
				CC6881FE1C60D3230002DF89 /* Assets.xcassets */,
				CC6882001C60D3230002DF89 /* LaunchScreen.storyboard */,
				CC6882031C60D3230002DF89 /* Info.plist */,
				CC6881F21C60D3230002DF89 /* Supporting Files */,
			);
			path = UIScrollView;
			sourceTree = "<group>";
		};
		CC6881F21C60D3230002DF89 /* Supporting Files */ = {
			isa = PBXGroup;
			children = (
				CC6881F31C60D3230002DF89 /* main.m */,
			);
			name = "Supporting Files";
			sourceTree = "<group>";
		};
		CC68820B1C60D3230002DF89 /* UIScrollViewTests */ = {
			isa = PBXGroup;
			children = (
				CC68820C1C60D3230002DF89 /* UIScrollViewTests.m */,
				CC68820E1C60D3230002DF89 /* Info.plist */,
			);
			path = UIScrollViewTests;
			sourceTree = "<group>";
		};
		CC6882161C60D3230002DF89 /* UIScrollViewUITests */ = {
			isa = PBXGroup;
			children = (
				CC6882171C60D3230002DF89 /* UIScrollViewUITests.m */,
				CC6882191C60D3230002DF89 /* Info.plist */,
			);
			path = UIScrollViewUITests;
			sourceTree = "<group>";
		};
/* End PBXGroup section */

/* Begin PBXNativeTarget section */
		CC6881EE1C60D3230002DF89 /* UIScrollView */ = {
			isa = PBXNativeTarget;
			buildConfigurationList = CC68821C1C60D3240002DF89 /* Build configuration list for PBXNativeTarget "UIScrollView" */;
			buildPhases = (
				CC6881EB1C60D3230002DF89 /* Sources */,
				CC6881EC1C60D3230002DF89 /* Frameworks */,
				CC6881ED1C60D3230002DF89 /* Resources */,
			);
			buildRules = (
			);
			dependencies = (
			);
			name = UIScrollView;
			productName = UIScrollView;
			productReference = CC6881EF1C60D3230002DF89 /* UIScrollView.app */;
			productType = "com.apple.product-type.application";
		};
		CC6882071C60D3230002DF89 /* UIScrollViewTests */ = {
			isa = PBXNativeTarget;
			buildConfigurationList = CC68821F1C60D3240002DF89 /* Build configuration list for PBXNativeTarget "UIScrollViewTests" */;
			buildPhases = (
				CC6882041C60D3230002DF89 /* Sources */,
				CC6882051C60D3230002DF89 /* Frameworks */,
				CC6882061C60D3230002DF89 /* Resources */,
			);
			buildRules = (
			);
			dependencies = (
				CC68820A1C60D3230002DF89 /* PBXTargetDependency */,
			);
			name = UIScrollViewTests;
			productName = UIScrollViewTests;
			productReference = CC6882081C60D3230002DF89 /* UIScrollViewTests.xctest */;
			productType = "com.apple.product-type.bundle.unit-test";
		};
		CC6882121C60D3230002DF89 /* UIScrollViewUITests */ = {
			isa = PBXNativeTarget;
			buildConfigurationList = CC6882221C60D3240002DF89 /* Build configuration list for PBXNativeTarget "UIScrollViewUITests" */;
			buildPhases = (
				CC68820F1C60D3230002DF89 /* Sources */,
				CC6882101C60D3230002DF89 /* Frameworks */,
				CC6882111C60D3230002DF89 /* Resources */,
			);
			buildRules = (
			);
			dependencies = (
				CC6882151C60D3230002DF89 /* PBXTargetDependency */,
			);
			name = UIScrollViewUITests;
			productName = UIScrollViewUITests;
			productReference = CC6882131C60D3230002DF89 /* UIScrollViewUITests.xctest */;
			productType = "com.apple.product-type.bundle.ui-testing";
		};
/* End PBXNativeTarget section */

/* Begin PBXProject section */
		CC6881E71C60D3230002DF89 /* Project object */ = {
			isa = PBXProject;
			attributes = {
				LastUpgradeCheck = 0700;
				ORGANIZATIONNAME = Ruter;
				TargetAttributes = {
					CC6881EE1C60D3230002DF89 = {
						CreatedOnToolsVersion = 7.0;
					};
					CC6882071C60D3230002DF89 = {
						CreatedOnToolsVersion = 7.0;
						TestTargetID = CC6881EE1C60D3230002DF89;
					};
					CC6882121C60D3230002DF89 = {
						CreatedOnToolsVersion = 7.0;
						TestTargetID = CC6881EE1C60D3230002DF89;
					};
				};
			};
			buildConfigurationList = CC6881EA1C60D3230002DF89 /* Build configuration list for PBXProject "UIScrollView" */;
			compatibilityVersion = "Xcode 3.2";
			developmentRegion = English;
			hasScannedForEncodings = 0;
			knownRegions = (
				en,
				Base,
			);
			mainGroup = CC6881E61C60D3230002DF89;
			productRefGroup = CC6881F01C60D3230002DF89 /* Products */;
			projectDirPath = "";
			projectRoot = "";
			targets = (
				CC6881EE1C60D3230002DF89 /* UIScrollView */,
				CC6882071C60D3230002DF89 /* UIScrollViewTests */,
				CC6882121C60D3230002DF89 /* UIScrollViewUITests */,
			);
		};
/* End PBXProject section */

/* Begin PBXResourcesBuildPhase section */
		CC6881ED1C60D3230002DF89 /* Resources */ = {
			isa = PBXResourcesBuildPhase;
			buildActionMask = 2147483647;
			files = (
				CC6882021C60D3230002DF89 /* LaunchScreen.storyboard in Resources */,
				CC6882281C60E47D0002DF89 /* scanpie.png in Resources */,
				CC6881FF1C60D3230002DF89 /* Assets.xcassets in Resources */,
				CC6881FD1C60D3230002DF89 /* Main.storyboard in Resources */,
			);
			runOnlyForDeploymentPostprocessing = 0;
		};
		CC6882061C60D3230002DF89 /* Resources */ = {
			isa = PBXResourcesBuildPhase;
			buildActionMask = 2147483647;
			files = (
			);
			runOnlyForDeploymentPostprocessing = 0;
		};
		CC6882111C60D3230002DF89 /* Resources */ = {
			isa = PBXResourcesBuildPhase;
			buildActionMask = 2147483647;
			files = (
			);
			runOnlyForDeploymentPostprocessing = 0;
		};
/* End PBXResourcesBuildPhase section */

/* Begin PBXSourcesBuildPhase section */
		CC6881EB1C60D3230002DF89 /* Sources */ = {
			isa = PBXSourcesBuildPhase;
			buildActionMask = 2147483647;
			files = (
				CC6881FA1C60D3230002DF89 /* ViewController.m in Sources */,
				CC6881F71C60D3230002DF89 /* AppDelegate.m in Sources */,
				CC6881F41C60D3230002DF89 /* main.m in Sources */,
			);
			runOnlyForDeploymentPostprocessing = 0;
		};
		CC6882041C60D3230002DF89 /* Sources */ = {
			isa = PBXSourcesBuildPhase;
			buildActionMask = 2147483647;
			files = (
				CC68820D1C60D3230002DF89 /* UIScrollViewTests.m in Sources */,
			);
			runOnlyForDeploymentPostprocessing = 0;
		};
		CC68820F1C60D3230002DF89 /* Sources */ = {
			isa = PBXSourcesBuildPhase;
			buildActionMask = 2147483647;
			files = (
				CC6882181C60D3230002DF89 /* UIScrollViewUITests.m in Sources */,
			);
			runOnlyForDeploymentPostprocessing = 0;
		};
/* End PBXSourcesBuildPhase section */

/* Begin PBXTargetDependency section */
		CC68820A1C60D3230002DF89 /* PBXTargetDependency */ = {
			isa = PBXTargetDependency;
			target = CC6881EE1C60D3230002DF89 /* UIScrollView */;
			targetProxy = CC6882091C60D3230002DF89 /* PBXContainerItemProxy */;
		};
		CC6882151C60D3230002DF89 /* PBXTargetDependency */ = {
			isa = PBXTargetDependency;
			target = CC6881EE1C60D3230002DF89 /* UIScrollView */;
			targetProxy = CC6882141C60D3230002DF89 /* PBXContainerItemProxy */;
		};
/* End PBXTargetDependency section */

/* Begin PBXVariantGroup section */
		CC6881FB1C60D3230002DF89 /* Main.storyboard */ = {
			isa = PBXVariantGroup;
			children = (
				CC6881FC1C60D3230002DF89 /* Base */,
			);
			name = Main.storyboard;
			sourceTree = "<group>";
		};
		CC6882001C60D3230002DF89 /* LaunchScreen.storyboard */ = {
			isa = PBXVariantGroup;
			children = (
				CC6882011C60D3230002DF89 /* Base */,
			);
			name = LaunchScreen.storyboard;
			sourceTree = "<group>";
		};
/* End PBXVariantGroup section */

/* Begin XCBuildConfiguration section */
		CC68821A1C60D3240002DF89 /* Debug */ = {
			isa = XCBuildConfiguration;
			buildSettings = {
				ALWAYS_SEARCH_USER_PATHS = NO;
				CLANG_CXX_LANGUAGE_STANDARD = "gnu++0x";
				CLANG_CXX_LIBRARY = "libc++";
				CLANG_ENABLE_MODULES = YES;
				CLANG_ENABLE_OBJC_ARC = YES;
				CLANG_WARN_BOOL_CONVERSION = YES;
				CLANG_WARN_CONSTANT_CONVERSION = YES;
				CLANG_WARN_DIRECT_OBJC_ISA_USAGE = YES_ERROR;
				CLANG_WARN_EMPTY_BODY = YES;
				CLANG_WARN_ENUM_CONVERSION = YES;
				CLANG_WARN_INT_CONVERSION = YES;
				CLANG_WARN_OBJC_ROOT_CLASS = YES_ERROR;
				CLANG_WARN_UNREACHABLE_CODE = YES;
				CLANG_WARN__DUPLICATE_METHOD_MATCH = YES;
				"CODE_SIGN_IDENTITY[sdk=iphoneos*]" = "iPhone Developer";
				COPY_PHASE_STRIP = NO;
				DEBUG_INFORMATION_FORMAT = dwarf;
				ENABLE_STRICT_OBJC_MSGSEND = YES;
				ENABLE_TESTABILITY = YES;
				GCC_C_LANGUAGE_STANDARD = gnu99;
				GCC_DYNAMIC_NO_PIC = NO;
				GCC_NO_COMMON_BLOCKS = YES;
				GCC_OPTIMIZATION_LEVEL = 0;
				GCC_PREPROCESSOR_DEFINITIONS = (
					"DEBUG=1",
					"$(inherited)",
				);
				GCC_WARN_64_TO_32_BIT_CONVERSION = YES;
				GCC_WARN_ABOUT_RETURN_TYPE = YES_ERROR;
				GCC_WARN_UNDECLARED_SELECTOR = YES;
				GCC_WARN_UNINITIALIZED_AUTOS = YES_AGGRESSIVE;
				GCC_WARN_UNUSED_FUNCTION = YES;
				GCC_WARN_UNUSED_VARIABLE = YES;
				IPHONEOS_DEPLOYMENT_TARGET = 9.0;
				MTL_ENABLE_DEBUG_INFO = YES;
				ONLY_ACTIVE_ARCH = YES;
				SDKROOT = iphoneos;
			};
			name = Debug;
		};
		CC68821B1C60D3240002DF89 /* Release */ = {
			isa = XCBuildConfiguration;
			buildSettings = {
				ALWAYS_SEARCH_USER_PATHS = NO;
				CLANG_CXX_LANGUAGE_STANDARD = "gnu++0x";
				CLANG_CXX_LIBRARY = "libc++";
				CLANG_ENABLE_MODULES = YES;
				CLANG_ENABLE_OBJC_ARC = YES;
				CLANG_WARN_BOOL_CONVERSION = YES;
				CLANG_WARN_CONSTANT_CONVERSION = YES;
				CLANG_WARN_DIRECT_OBJC_ISA_USAGE = YES_ERROR;
				CLANG_WARN_EMPTY_BODY = YES;
				CLANG_WARN_ENUM_CONVERSION = YES;
				CLANG_WARN_INT_CONVERSION = YES;
				CLANG_WARN_OBJC_ROOT_CLASS = YES_ERROR;
				CLANG_WARN_UNREACHABLE_CODE = YES;
				CLANG_WARN__DUPLICATE_METHOD_MATCH = YES;
				"CODE_SIGN_IDENTITY[sdk=iphoneos*]" = "iPhone Developer";
				COPY_PHASE_STRIP = NO;
				DEBUG_INFORMATION_FORMAT = "dwarf-with-dsym";
				ENABLE_NS_ASSERTIONS = NO;
				ENABLE_STRICT_OBJC_MSGSEND = YES;
				GCC_C_LANGUAGE_STANDARD = gnu99;
				GCC_NO_COMMON_BLOCKS = YES;
				GCC_WARN_64_TO_32_BIT_CONVERSION = YES;
				GCC_WARN_ABOUT_RETURN_TYPE = YES_ERROR;
				GCC_WARN_UNDECLARED_SELECTOR = YES;
				GCC_WARN_UNINITIALIZED_AUTOS = YES_AGGRESSIVE;
				GCC_WARN_UNUSED_FUNCTION = YES;
				GCC_WARN_UNUSED_VARIABLE = YES;
				IPHONEOS_DEPLOYMENT_TARGET = 9.0;
				MTL_ENABLE_DEBUG_INFO = NO;
				SDKROOT = iphoneos;
				VALIDATE_PRODUCT = YES;
			};
			name = Release;
		};
		CC68821D1C60D3240002DF89 /* Debug */ = {
			isa = XCBuildConfiguration;
			buildSettings = {
				ASSETCATALOG_COMPILER_APPICON_NAME = AppIcon;
				INFOPLIST_FILE = UIScrollView/Info.plist;
				LD_RUNPATH_SEARCH_PATHS = "$(inherited) @executable_path/Frameworks";
				PRODUCT_BUNDLE_IDENTIFIER = io.github.ruter.UIScrollView;
				PRODUCT_NAME = "$(TARGET_NAME)";
			};
			name = Debug;
		};
		CC68821E1C60D3240002DF89 /* Release */ = {
			isa = XCBuildConfiguration;
			buildSettings = {
				ASSETCATALOG_COMPILER_APPICON_NAME = AppIcon;
				INFOPLIST_FILE = UIScrollView/Info.plist;
				LD_RUNPATH_SEARCH_PATHS = "$(inherited) @executable_path/Frameworks";
				PRODUCT_BUNDLE_IDENTIFIER = io.github.ruter.UIScrollView;
				PRODUCT_NAME = "$(TARGET_NAME)";
			};
			name = Release;
		};
		CC6882201C60D3240002DF89 /* Debug */ = {
			isa = XCBuildConfiguration;
			buildSettings = {
				BUNDLE_LOADER = "$(TEST_HOST)";
				INFOPLIST_FILE = UIScrollViewTests/Info.plist;
				LD_RUNPATH_SEARCH_PATHS = "$(inherited) @executable_path/Frameworks @loader_path/Frameworks";
				PRODUCT_BUNDLE_IDENTIFIER = io.github.ruter.UIScrollViewTests;
				PRODUCT_NAME = "$(TARGET_NAME)";
				TEST_HOST = "$(BUILT_PRODUCTS_DIR)/UIScrollView.app/UIScrollView";
			};
			name = Debug;
		};
		CC6882211C60D3240002DF89 /* Release */ = {
			isa = XCBuildConfiguration;
			buildSettings = {
				BUNDLE_LOADER = "$(TEST_HOST)";
				INFOPLIST_FILE = UIScrollViewTests/Info.plist;
				LD_RUNPATH_SEARCH_PATHS = "$(inherited) @executable_path/Frameworks @loader_path/Frameworks";
				PRODUCT_BUNDLE_IDENTIFIER = io.github.ruter.UIScrollViewTests;
				PRODUCT_NAME = "$(TARGET_NAME)";
				TEST_HOST = "$(BUILT_PRODUCTS_DIR)/UIScrollView.app/UIScrollView";
			};
			name = Release;
		};
		CC6882231C60D3240002DF89 /* Debug */ = {
			isa = XCBuildConfiguration;
			buildSettings = {
				INFOPLIST_FILE = UIScrollViewUITests/Info.plist;
				LD_RUNPATH_SEARCH_PATHS = "$(inherited) @executable_path/Frameworks @loader_path/Frameworks";
				PRODUCT_BUNDLE_IDENTIFIER = io.github.ruter.UIScrollViewUITests;
				PRODUCT_NAME = "$(TARGET_NAME)";
				TEST_TARGET_NAME = UIScrollView;
				USES_XCTRUNNER = YES;
			};
			name = Debug;
		};
		CC6882241C60D3240002DF89 /* Release */ = {
			isa = XCBuildConfiguration;
			buildSettings = {
				INFOPLIST_FILE = UIScrollViewUITests/Info.plist;
				LD_RUNPATH_SEARCH_PATHS = "$(inherited) @executable_path/Frameworks @loader_path/Frameworks";
				PRODUCT_BUNDLE_IDENTIFIER = io.github.ruter.UIScrollViewUITests;
				PRODUCT_NAME = "$(TARGET_NAME)";
				TEST_TARGET_NAME = UIScrollView;
				USES_XCTRUNNER = YES;
			};
			name = Release;
		};
/* End XCBuildConfiguration section */

/* Begin XCConfigurationList section */
		CC6881EA1C60D3230002DF89 /* Build configuration list for PBXProject "UIScrollView" */ = {
			isa = XCConfigurationList;
			buildConfigurations = (
				CC68821A1C60D3240002DF89 /* Debug */,
				CC68821B1C60D3240002DF89 /* Release */,
			);
			defaultConfigurationIsVisible = 0;
			defaultConfigurationName = Release;
		};
		CC68821C1C60D3240002DF89 /* Build configuration list for PBXNativeTarget "UIScrollView" */ = {
			isa = XCConfigurationList;
			buildConfigurations = (
				CC68821D1C60D3240002DF89 /* Debug */,
				CC68821E1C60D3240002DF89 /* Release */,
			);
			defaultConfigurationIsVisible = 0;
		};
		CC68821F1C60D3240002DF89 /* Build configuration list for PBXNativeTarget "UIScrollViewTests" */ = {
			isa = XCConfigurationList;
			buildConfigurations = (
				CC6882201C60D3240002DF89 /* Debug */,
				CC6882211C60D3240002DF89 /* Release */,
			);
			defaultConfigurationIsVisible = 0;
		};
		CC6882221C60D3240002DF89 /* Build configuration list for PBXNativeTarget "UIScrollViewUITests" */ = {
			isa = XCConfigurationList;
			buildConfigurations = (
				CC6882231C60D3240002DF89 /* Debug */,
				CC6882241C60D3240002DF89 /* Release */,
			);
			defaultConfigurationIsVisible = 0;
		};
/* End XCConfigurationList section */
	};
	rootObject = CC6881E71C60D3230002DF89 /* Project object */;
}
